
Microsoft Visual Studio Solution File, Format Version 12.00
# Visual Studio 15
VisualStudioVersion = 15.0.27428.2005
MinimumVisualStudioVersion = 10.0.40219.1
Project("{9A19103F-16F7-4668-BE54-9A1E7A4F7556}") = "SimpleStore", "SimpleStore\SimpleStore.csproj", "{763F9047-709B-4627-9DA2-AEBB3697588C}"
EndProject
Project("{9A19103F-16F7-4668-BE54-9A1E7A4F7556}") = "SimpleStore.Tests", "SimpleStore.Tests\SimpleStore.Tests.csproj", "{651EAB6A-244C-4F78-B55F-8FEC37CB813F}"
EndProject
Project("{E53339B2-1760-4266-BCC7-CA923CBCF16C}") = "docker-compose", "docker-compose.dcproj", "{69AC9664-81A8-469F-8F41-066F110E0ECD}"
EndProject
Project("{9A19103F-16F7-4668-BE54-9A1E7A4F7556}") = "SimpleStore.Models", "SimpleStore.Models\SimpleStore.Models.csproj", "{1FAC328E-AB54-4BBE-AC69-690C2C4F2DC5}"
EndProject
Project("{9A19103F-16F7-4668-BE54-9A1E7A4F7556}") = "SimpleStore.DbContext", "SimpleStore.DbContext\SimpleStore.DbContext.csproj", "{60657DF1-C7BB-4E17-9FC3-55E2CFCDEFD4}"
EndProject
Project("{9A19103F-16F7-4668-BE54-9A1E7A4F7556}") = "SimpleStore.ViewModels", "SimpleStore.ViewModels\SimpleStore.ViewModels.csproj", "{F2BE3277-42A1-4849-848B-3710B11DB81A}"
EndProject
Project("{9A19103F-16F7-4668-BE54-9A1E7A4F7556}") = "SimpleStore.Utils", "SimpleStore.Utils\SimpleStore.Utils.csproj", "{9EA96192-796F-4AFC-B558-A0A46CD0D8BB}"
EndProject
Project("{2150E333-8FDC-42A3-9474-1A3956D46DE8}") = "nginx", "nginx", "{8C3DDC3F-8F29-4CF7-9382-C59EE0237B99}"
	ProjectSection(SolutionItems) = preProject
		nginx\Dockerfile.nginx = nginx\Dockerfile.nginx
		nginx\nginx.conf = nginx\nginx.conf
		nginx\README.md = nginx\README.md
	EndProjectSection
EndProject
Global
	GlobalSection(SolutionConfigurationPlatforms) = preSolution
		Debug|Any CPU = Debug|Any CPU
		Release|Any CPU = Release|Any CPU
	EndGlobalSection
	GlobalSection(ProjectConfigurationPlatforms) = postSolution
		{763F9047-709B-4627-9DA2-AEBB3697588C}.Debug|Any CPU.ActiveCfg = Debug|Any CPU
		{763F9047-709B-4627-9DA2-AEBB3697588C}.Debug|Any CPU.Build.0 = Debug|Any CPU
		{763F9047-709B-4627-9DA2-AEBB3697588C}.Release|Any CPU.ActiveCfg = Release|Any CPU
		{763F9047-709B-4627-9DA2-AEBB3697588C}.Release|Any CPU.Build.0 = Release|Any CPU
		{651EAB6A-244C-4F78-B55F-8FEC37CB813F}.Debug|Any CPU.ActiveCfg = Debug|Any CPU
		{651EAB6A-244C-4F78-B55F-8FEC37CB813F}.Debug|Any CPU.Build.0 = Debug|Any CPU
		{651EAB6A-244C-4F78-B55F-8FEC37CB813F}.Release|Any CPU.ActiveCfg = Release|Any CPU
		{651EAB6A-244C-4F78-B55F-8FEC37CB813F}.Release|Any CPU.Build.0 = Release|Any CPU
		{69AC9664-81A8-469F-8F41-066F110E0ECD}.Debug|Any CPU.ActiveCfg = Debug|Any CPU
		{69AC9664-81A8-469F-8F41-066F110E0ECD}.Debug|Any CPU.Build.0 = Debug|Any CPU
		{69AC9664-81A8-469F-8F41-066F110E0ECD}.Release|Any CPU.ActiveCfg = Release|Any CPU
		{69AC9664-81A8-469F-8F41-066F110E0ECD}.Release|Any CPU.Build.0 = Release|Any CPU
		{1FAC328E-AB54-4BBE-AC69-690C2C4F2DC5}.Debug|Any CPU.ActiveCfg = Debug|Any CPU
		{1FAC328E-AB54-4BBE-AC69-690C2C4F2DC5}.Debug|Any CPU.Build.0 = Debug|Any CPU
		{1FAC328E-AB54-4BBE-AC69-690C2C4F2DC5}.Release|Any CPU.ActiveCfg = Release|Any CPU
		{1FAC328E-AB54-4BBE-AC69-690C2C4F2DC5}.Release|Any CPU.Build.0 = Release|Any CPU
		{60657DF1-C7BB-4E17-9FC3-55E2CFCDEFD4}.Debug|Any CPU.ActiveCfg = Debug|Any CPU
		{60657DF1-C7BB-4E17-9FC3-55E2CFCDEFD4}.Debug|Any CPU.Build.0 = Debug|Any CPU
		{60657DF1-C7BB-4E17-9FC3-55E2CFCDEFD4}.Release|Any CPU.ActiveCfg = Release|Any CPU
		{60657DF1-C7BB-4E17-9FC3-55E2CFCDEFD4}.Release|Any CPU.Build.0 = Release|Any CPU
		{F2BE3277-42A1-4849-848B-3710B11DB81A}.Debug|Any CPU.ActiveCfg = Debug|Any CPU
		{F2BE3277-42A1-4849-848B-3710B11DB81A}.Debug|Any CPU.Build.0 = Debug|Any CPU
		{F2BE3277-42A1-4849-848B-3710B11DB81A}.Release|Any CPU.ActiveCfg = Release|Any CPU
		{F2BE3277-42A1-4849-848B-3710B11DB81A}.Release|Any CPU.Build.0 = Release|Any CPU
		{9EA96192-796F-4AFC-B558-A0A46CD0D8BB}.Debug|Any CPU.ActiveCfg = Debug|Any CPU
		{9EA96192-796F-4AFC-B558-A0A46CD0D8BB}.Debug|Any CPU.Build.0 = Debug|Any CPU
		{9EA96192-796F-4AFC-B558-A0A46CD0D8BB}.Release|Any CPU.ActiveCfg = Release|Any CPU
		{9EA96192-796F-4AFC-B558-A0A46CD0D8BB}.Release|Any CPU.Build.0 = Release|Any CPU
	EndGlobalSection
	GlobalSection(SolutionProperties) = preSolution
		HideSolutionNode = FALSE
	EndGlobalSection
	GlobalSection(ExtensibilityGlobals) = postSolution
		SolutionGuid = {486A5C8C-4C33-4538-B20E-E5C22DFA49F7}
	EndGlobalSection
EndGlobal
